// !$*UTF8*$!
{
	archiveVersion = 1;
	classes = {
	};
	objectVersion = 48;
	objects = {

/* Begin PBXBuildFile section */
		DFA35CD52027D6AC00F918BC /* AppDelegate.swift in Sources */ = {isa = PBXBuildFile; fileRef = DFA35CD42027D6AC00F918BC /* AppDelegate.swift */; };
		DFA35CD72027D6AC00F918BC /* ViewController.swift in Sources */ = {isa = PBXBuildFile; fileRef = DFA35CD62027D6AC00F918BC /* ViewController.swift */; };
		DFA35CDA2027D6AC00F918BC /* Main.storyboard in Resources */ = {isa = PBXBuildFile; fileRef = DFA35CD82027D6AC00F918BC /* Main.storyboard */; };
		DFA35CDC2027D6AC00F918BC /* Assets.xcassets in Resources */ = {isa = PBXBuildFile; fileRef = DFA35CDB2027D6AC00F918BC /* Assets.xcassets */; };
		DFA35CDF2027D6AC00F918BC /* LaunchScreen.storyboard in Resources */ = {isa = PBXBuildFile; fileRef = DFA35CDD2027D6AC00F918BC /* LaunchScreen.storyboard */; };
		DFA35CEA2027D6AC00F918BC /* CalculatorTests.swift in Sources */ = {isa = PBXBuildFile; fileRef = DFA35CE92027D6AC00F918BC /* CalculatorTests.swift */; };
		DFA35CF52027D6AC00F918BC /* CalculatorUITests.swift in Sources */ = {isa = PBXBuildFile; fileRef = DFA35CF42027D6AC00F918BC /* CalculatorUITests.swift */; };
/* End PBXBuildFile section */

/* Begin PBXContainerItemProxy section */
		DFA35CE62027D6AC00F918BC /* PBXContainerItemProxy */ = {
			isa = PBXContainerItemProxy;
			containerPortal = DFA35CC92027D6AC00F918BC /* Project object */;
			proxyType = 1;
			remoteGlobalIDString = DFA35CD02027D6AC00F918BC;
			remoteInfo = Calculator;
		};
		DFA35CF12027D6AC00F918BC /* PBXContainerItemProxy */ = {
			isa = PBXContainerItemProxy;
			containerPortal = DFA35CC92027D6AC00F918BC /* Project object */;
			proxyType = 1;
			remoteGlobalIDString = DFA35CD02027D6AC00F918BC;
			remoteInfo = Calculator;
		};
/* End PBXContainerItemProxy section */

/* Begin PBXFileReference section */
		DFA35CD12027D6AC00F918BC /* Calculator.app */ = {isa = PBXFileReference; explicitFileType = wrapper.application; includeInIndex = 0; path = Calculator.app; sourceTree = BUILT_PRODUCTS_DIR; };
		DFA35CD42027D6AC00F918BC /* AppDelegate.swift */ = {isa = PBXFileReference; lastKnownFileType = sourcecode.swift; path = AppDelegate.swift; sourceTree = "<group>"; };
		DFA35CD62027D6AC00F918BC /* ViewController.swift */ = {isa = PBXFileReference; lastKnownFileType = sourcecode.swift; path = ViewController.swift; sourceTree = "<group>"; };
		DFA35CD92027D6AC00F918BC /* Base */ = {isa = PBXFileReference; lastKnownFileType = file.storyboard; name = Base; path = Base.lproj/Main.storyboard; sourceTree = "<group>"; };
		DFA35CDB2027D6AC00F918BC /* Assets.xcassets */ = {isa = PBXFileReference; lastKnownFileType = folder.assetcatalog; path = Assets.xcassets; sourceTree = "<group>"; };
		DFA35CDE2027D6AC00F918BC /* Base */ = {isa = PBXFileReference; lastKnownFileType = file.storyboard; name = Base; path = Base.lproj/LaunchScreen.storyboard; sourceTree = "<group>"; };
		DFA35CE02027D6AC00F918BC /* Info.plist */ = {isa = PBXFileReference; lastKnownFileType = text.plist.xml; path = Info.plist; sourceTree = "<group>"; };
		DFA35CE52027D6AC00F918BC /* CalculatorTests.xctest */ = {isa = PBXFileReference; explicitFileType = wrapper.cfbundle; includeInIndex = 0; path = CalculatorTests.xctest; sourceTree = BUILT_PRODUCTS_DIR; };
		DFA35CE92027D6AC00F918BC /* CalculatorTests.swift */ = {isa = PBXFileReference; lastKnownFileType = sourcecode.swift; path = CalculatorTests.swift; sourceTree = "<group>"; };
		DFA35CEB2027D6AC00F918BC /* Info.plist */ = {isa = PBXFileReference; lastKnownFileType = text.plist.xml; path = Info.plist; sourceTree = "<group>"; };
		DFA35CF02027D6AC00F918BC /* CalculatorUITests.xctest */ = {isa = PBXFileReference; explicitFileType = wrapper.cfbundle; includeInIndex = 0; path = CalculatorUITests.xctest; sourceTree = BUILT_PRODUCTS_DIR; };
		DFA35CF42027D6AC00F918BC /* CalculatorUITests.swift */ = {isa = PBXFileReference; lastKnownFileType = sourcecode.swift; path = CalculatorUITests.swift; sourceTree = "<group>"; };
		DFA35CF62027D6AC00F918BC /* Info.plist */ = {isa = PBXFileReference; lastKnownFileType = text.plist.xml; path = Info.plist; sourceTree = "<group>"; };
/* End PBXFileReference section */

/* Begin PBXFrameworksBuildPhase section */
		DFA35CCE2027D6AC00F918BC /* Frameworks */ = {
			isa = PBXFrameworksBuildPhase;
			buildActionMask = 2147483647;
			files = (
			);
			runOnlyForDeploymentPostprocessing = 0;
		};
		DFA35CE22027D6AC00F918BC /* Frameworks */ = {
			isa = PBXFrameworksBuildPhase;
			buildActionMask = 2147483647;
			files = (
			);
			runOnlyForDeploymentPostprocessing = 0;
		};
		DFA35CED2027D6AC00F918BC /* Frameworks */ = {
			isa = PBXFrameworksBuildPhase;
			buildActionMask = 2147483647;
			files = (
			);
			runOnlyForDeploymentPostprocessing = 0;
		};
/* End PBXFrameworksBuildPhase section */

/* Begin PBXGroup section */
		DFA35CC82027D6AC00F918BC = {
			isa = PBXGroup;
			children = (
				DFA35CD32027D6AC00F918BC /* Calculator */,
				DFA35CE82027D6AC00F918BC /* CalculatorTests */,
				DFA35CF32027D6AC00F918BC /* CalculatorUITests */,
				DFA35CD22027D6AC00F918BC /* Products */,
			);
			sourceTree = "<group>";
		};
		DFA35CD22027D6AC00F918BC /* Products */ = {
			isa = PBXGroup;
			children = (
				DFA35CD12027D6AC00F918BC /* Calculator.app */,
				DFA35CE52027D6AC00F918BC /* CalculatorTests.xctest */,
				DFA35CF02027D6AC00F918BC /* CalculatorUITests.xctest */,
			);
			name = Products;
			sourceTree = "<group>";
		};
		DFA35CD32027D6AC00F918BC /* Calculator */ = {
			isa = PBXGroup;
			children = (
				DFA35CD42027D6AC00F918BC /* AppDelegate.swift */,
				DFA35CD62027D6AC00F918BC /* ViewController.swift */,
				DFA35CD82027D6AC00F918BC /* Main.storyboard */,
				DFA35CDB2027D6AC00F918BC /* Assets.xcassets */,
				DFA35CDD2027D6AC00F918BC /* LaunchScreen.storyboard */,
				DFA35CE02027D6AC00F918BC /* Info.plist */,
			);
			path = Calculator;
			sourceTree = "<group>";
		};
		DFA35CE82027D6AC00F918BC /* CalculatorTests */ = {
			isa = PBXGroup;
			children = (
				DFA35CE92027D6AC00F918BC /* CalculatorTests.swift */,
				DFA35CEB2027D6AC00F918BC /* Info.plist */,
			);
			path = CalculatorTests;
			sourceTree = "<group>";
		};
		DFA35CF32027D6AC00F918BC /* CalculatorUITests */ = {
			isa = PBXGroup;
			children = (
				DFA35CF42027D6AC00F918BC /* CalculatorUITests.swift */,
				DFA35CF62027D6AC00F918BC /* Info.plist */,
			);
			path = CalculatorUITests;
			sourceTree = "<group>";
		};
/* End PBXGroup section */

/* Begin PBXNativeTarget section */
		DFA35CD02027D6AC00F918BC /* Calculator */ = {
			isa = PBXNativeTarget;
			buildConfigurationList = DFA35CF92027D6AC00F918BC /* Build configuration list for PBXNativeTarget "Calculator" */;
			buildPhases = (
				DFA35CCD2027D6AC00F918BC /* Sources */,
				DFA35CCE2027D6AC00F918BC /* Frameworks */,
				DFA35CCF2027D6AC00F918BC /* Resources */,
			);
			buildRules = (
			);
			dependencies = (
			);
			name = Calculator;
			productName = Calculator;
			productReference = DFA35CD12027D6AC00F918BC /* Calculator.app */;
			productType = "com.apple.product-type.application";
		};
		DFA35CE42027D6AC00F918BC /* CalculatorTests */ = {
			isa = PBXNativeTarget;
			buildConfigurationList = DFA35CFC2027D6AC00F918BC /* Build configuration list for PBXNativeTarget "CalculatorTests" */;
			buildPhases = (
				DFA35CE12027D6AC00F918BC /* Sources */,
				DFA35CE22027D6AC00F918BC /* Frameworks */,
				DFA35CE32027D6AC00F918BC /* Resources */,
			);
			buildRules = (
			);
			dependencies = (
				DFA35CE72027D6AC00F918BC /* PBXTargetDependency */,
			);
			name = CalculatorTests;
			productName = CalculatorTests;
			productReference = DFA35CE52027D6AC00F918BC /* CalculatorTests.xctest */;
			productType = "com.apple.product-type.bundle.unit-test";
		};
		DFA35CEF2027D6AC00F918BC /* CalculatorUITests */ = {
			isa = PBXNativeTarget;
			buildConfigurationList = DFA35CFF2027D6AC00F918BC /* Build configuration list for PBXNativeTarget "CalculatorUITests" */;
			buildPhases = (
				DFA35CEC2027D6AC00F918BC /* Sources */,
				DFA35CED2027D6AC00F918BC /* Frameworks */,
				DFA35CEE2027D6AC00F918BC /* Resources */,
			);
			buildRules = (
			);
			dependencies = (
				DFA35CF22027D6AC00F918BC /* PBXTargetDependency */,
			);
			name = CalculatorUITests;
			productName = CalculatorUITests;
			productReference = DFA35CF02027D6AC00F918BC /* CalculatorUITests.xctest */;
			productType = "com.apple.product-type.bundle.ui-testing";
		};
/* End PBXNativeTarget section */

/* Begin PBXProject section */
		DFA35CC92027D6AC00F918BC /* Project object */ = {
			isa = PBXProject;
			attributes = {
				LastSwiftUpdateCheck = 0920;
				LastUpgradeCheck = 0920;
				ORGANIZATIONNAME = "Sasa Gvozdenovic";
				TargetAttributes = {
					DFA35CD02027D6AC00F918BC = {
						CreatedOnToolsVersion = 9.2;
						ProvisioningStyle = Automatic;
					};
					DFA35CE42027D6AC00F918BC = {
						CreatedOnToolsVersion = 9.2;
						ProvisioningStyle = Automatic;
						TestTargetID = DFA35CD02027D6AC00F918BC;
					};
					DFA35CEF2027D6AC00F918BC = {
						CreatedOnToolsVersion = 9.2;
						ProvisioningStyle = Automatic;
						TestTargetID = DFA35CD02027D6AC00F918BC;
					};
				};
			};
			buildConfigurationList = DFA35CCC2027D6AC00F918BC /* Build configuration list for PBXProject "Calculator" */;
			compatibilityVersion = "Xcode 8.0";
			developmentRegion = en;
			hasScannedForEncodings = 0;
			knownRegions = (
				en,
				Base,
			);
			mainGroup = DFA35CC82027D6AC00F918BC;
			productRefGroup = DFA35CD22027D6AC00F918BC /* Products */;
			projectDirPath = "";
			projectRoot = "";
			targets = (
				DFA35CD02027D6AC00F918BC /* Calculator */,
				DFA35CE42027D6AC00F918BC /* CalculatorTests */,
				DFA35CEF2027D6AC00F918BC /* CalculatorUITests */,
			);
		};
/* End PBXProject section */

/* Begin PBXResourcesBuildPhase section */
		DFA35CCF2027D6AC00F918BC /* Resources */ = {
			isa = PBXResourcesBuildPhase;
			buildActionMask = 2147483647;
			files = (
				DFA35CDF2027D6AC00F918BC /* LaunchScreen.storyboard in Resources */,
				DFA35CDC2027D6AC00F918BC /* Assets.xcassets in Resources */,
				DFA35CDA2027D6AC00F918BC /* Main.storyboard in Resources */,
			);
			runOnlyForDeploymentPostprocessing = 0;
		};
		DFA35CE32027D6AC00F918BC /* Resources */ = {
			isa = PBXResourcesBuildPhase;
			buildActionMask = 2147483647;
			files = (
			);
			runOnlyForDeploymentPostprocessing = 0;
		};
		DFA35CEE2027D6AC00F918BC /* Resources */ = {
			isa = PBXResourcesBuildPhase;
			buildActionMask = 2147483647;
			files = (
			);
			runOnlyForDeploymentPostprocessing = 0;
		};
/* End PBXResourcesBuildPhase section */

/* Begin PBXSourcesBuildPhase section */
		DFA35CCD2027D6AC00F918BC /* Sources */ = {
			isa = PBXSourcesBuildPhase;
			buildActionMask = 2147483647;
			files = (
				DFA35CD72027D6AC00F918BC /* ViewController.swift in Sources */,
				DFA35CD52027D6AC00F918BC /* AppDelegate.swift in Sources */,
			);
			runOnlyForDeploymentPostprocessing = 0;
		};
		DFA35CE12027D6AC00F918BC /* Sources */ = {
			isa = PBXSourcesBuildPhase;
			buildActionMask = 2147483647;
			files = (
				DFA35CEA2027D6AC00F918BC /* CalculatorTests.swift in Sources */,
			);
			runOnlyForDeploymentPostprocessing = 0;
		};
		DFA35CEC2027D6AC00F918BC /* Sources */ = {
			isa = PBXSourcesBuildPhase;
			buildActionMask = 2147483647;
			files = (
				DFA35CF52027D6AC00F918BC /* CalculatorUITests.swift in Sources */,
			);
			runOnlyForDeploymentPostprocessing = 0;
		};
/* End PBXSourcesBuildPhase section */

/* Begin PBXTargetDependency section */
		DFA35CE72027D6AC00F918BC /* PBXTargetDependency */ = {
			isa = PBXTargetDependency;
			target = DFA35CD02027D6AC00F918BC /* Calculator */;
			targetProxy = DFA35CE62027D6AC00F918BC /* PBXContainerItemProxy */;
		};
		DFA35CF22027D6AC00F918BC /* PBXTargetDependency */ = {
			isa = PBXTargetDependency;
			target = DFA35CD02027D6AC00F918BC /* Calculator */;
			targetProxy = DFA35CF12027D6AC00F918BC /* PBXContainerItemProxy */;
		};
/* End PBXTargetDependency section */

/* Begin PBXVariantGroup section */
		DFA35CD82027D6AC00F918BC /* Main.storyboard */ = {
			isa = PBXVariantGroup;
			children = (
				DFA35CD92027D6AC00F918BC /* Base */,
			);
			name = Main.storyboard;
			sourceTree = "<group>";
		};
		DFA35CDD2027D6AC00F918BC /* LaunchScreen.storyboard */ = {
			isa = PBXVariantGroup;
			children = (
				DFA35CDE2027D6AC00F918BC /* Base */,
			);
			name = LaunchScreen.storyboard;
			sourceTree = "<group>";
		};
/* End PBXVariantGroup section */

/* Begin XCBuildConfiguration section */
		DFA35CF72027D6AC00F918BC /* Debug */ = {
			isa = XCBuildConfiguration;
			buildSettings = {
				ALWAYS_SEARCH_USER_PATHS = NO;
				CLANG_ANALYZER_NONNULL = YES;
				CLANG_ANALYZER_NUMBER_OBJECT_CONVERSION = YES_AGGRESSIVE;
				CLANG_CXX_LANGUAGE_STANDARD = "gnu++14";
				CLANG_CXX_LIBRARY = "libc++";
				CLANG_ENABLE_MODULES = YES;
				CLANG_ENABLE_OBJC_ARC = YES;
				CLANG_WARN_BLOCK_CAPTURE_AUTORELEASING = YES;
				CLANG_WARN_BOOL_CONVERSION = YES;
				CLANG_WARN_COMMA = YES;
				CLANG_WARN_CONSTANT_CONVERSION = YES;
				CLANG_WARN_DIRECT_OBJC_ISA_USAGE = YES_ERROR;
				CLANG_WARN_DOCUMENTATION_COMMENTS = YES;
				CLANG_WARN_EMPTY_BODY = YES;
				CLANG_WARN_ENUM_CONVERSION = YES;
				CLANG_WARN_INFINITE_RECURSION = YES;
				CLANG_WARN_INT_CONVERSION = YES;
				CLANG_WARN_NON_LITERAL_NULL_CONVERSION = YES;
				CLANG_WARN_OBJC_LITERAL_CONVERSION = YES;
				CLANG_WARN_OBJC_ROOT_CLASS = YES_ERROR;
				CLANG_WARN_RANGE_LOOP_ANALYSIS = YES;
				CLANG_WARN_STRICT_PROTOTYPES = YES;
				CLANG_WARN_SUSPICIOUS_MOVE = YES;
				CLANG_WARN_UNGUARDED_AVAILABILITY = YES_AGGRESSIVE;
				CLANG_WARN_UNREACHABLE_CODE = YES;
				CLANG_WARN__DUPLICATE_METHOD_MATCH = YES;
				CODE_SIGN_IDENTITY = "iPhone Developer";
				COPY_PHASE_STRIP = NO;
				DEBUG_INFORMATION_FORMAT = dwarf;
				ENABLE_STRICT_OBJC_MSGSEND = YES;
				ENABLE_TESTABILITY = YES;
				GCC_C_LANGUAGE_STANDARD = gnu11;
				GCC_DYNAMIC_NO_PIC = NO;
				GCC_NO_COMMON_BLOCKS = YES;
				GCC_OPTIMIZATION_LEVEL = 0;
				GCC_PREPROCESSOR_DEFINITIONS = (
					"DEBUG=1",
					"$(inherited)",
				);
				GCC_WARN_64_TO_32_BIT_CONVERSION = YES;
				GCC_WARN_ABOUT_RETURN_TYPE = YES_ERROR;
				GCC_WARN_UNDECLARED_SELECTOR = YES;
				GCC_WARN_UNINITIALIZED_AUTOS = YES_AGGRESSIVE;
				GCC_WARN_UNUSED_FUNCTION = YES;
				GCC_WARN_UNUSED_VARIABLE = YES;
				IPHONEOS_DEPLOYMENT_TARGET = 11.2;
				MTL_ENABLE_DEBUG_INFO = YES;
				ONLY_ACTIVE_ARCH = YES;
				SDKROOT = iphoneos;
				SWIFT_ACTIVE_COMPILATION_CONDITIONS = DEBUG;
				SWIFT_OPTIMIZATION_LEVEL = "-Onone";
			};
			name = Debug;
		};
		DFA35CF82027D6AC00F918BC /* Release */ = {
			isa = XCBuildConfiguration;
			buildSettings = {
				ALWAYS_SEARCH_USER_PATHS = NO;
				CLANG_ANALYZER_NONNULL = YES;
				CLANG_ANALYZER_NUMBER_OBJECT_CONVERSION = YES_AGGRESSIVE;
				CLANG_CXX_LANGUAGE_STANDARD = "gnu++14";
				CLANG_CXX_LIBRARY = "libc++";
				CLANG_ENABLE_MODULES = YES;
				CLANG_ENABLE_OBJC_ARC = YES;
				CLANG_WARN_BLOCK_CAPTURE_AUTORELEASING = YES;
				CLANG_WARN_BOOL_CONVERSION = YES;
				CLANG_WARN_COMMA = YES;
				CLANG_WARN_CONSTANT_CONVERSION = YES;
				CLANG_WARN_DIRECT_OBJC_ISA_USAGE = YES_ERROR;
				CLANG_WARN_DOCUMENTATION_COMMENTS = YES;
				CLANG_WARN_EMPTY_BODY = YES;
				CLANG_WARN_ENUM_CONVERSION = YES;
				CLANG_WARN_INFINITE_RECURSION = YES;
				CLANG_WARN_INT_CONVERSION = YES;
				CLANG_WARN_NON_LITERAL_NULL_CONVERSION = YES;
				CLANG_WARN_OBJC_LITERAL_CONVERSION = YES;
				CLANG_WARN_OBJC_ROOT_CLASS = YES_ERROR;
				CLANG_WARN_RANGE_LOOP_ANALYSIS = YES;
				CLANG_WARN_STRICT_PROTOTYPES = YES;
				CLANG_WARN_SUSPICIOUS_MOVE = YES;
				CLANG_WARN_UNGUARDED_AVAILABILITY = YES_AGGRESSIVE;
				CLANG_WARN_UNREACHABLE_CODE = YES;
				CLANG_WARN__DUPLICATE_METHOD_MATCH = YES;
				CODE_SIGN_IDENTITY = "iPhone Developer";
				COPY_PHASE_STRIP = NO;
				DEBUG_INFORMATION_FORMAT = "dwarf-with-dsym";
				ENABLE_NS_ASSERTIONS = NO;
				ENABLE_STRICT_OBJC_MSGSEND = YES;
				GCC_C_LANGUAGE_STANDARD = gnu11;
				GCC_NO_COMMON_BLOCKS = YES;
				GCC_WARN_64_TO_32_BIT_CONVERSION = YES;
				GCC_WARN_ABOUT_RETURN_TYPE = YES_ERROR;
				GCC_WARN_UNDECLARED_SELECTOR = YES;
				GCC_WARN_UNINITIALIZED_AUTOS = YES_AGGRESSIVE;
				GCC_WARN_UNUSED_FUNCTION = YES;
				GCC_WARN_UNUSED_VARIABLE = YES;
				IPHONEOS_DEPLOYMENT_TARGET = 11.2;
				MTL_ENABLE_DEBUG_INFO = NO;
				SDKROOT = iphoneos;
				SWIFT_OPTIMIZATION_LEVEL = "-Owholemodule";
				VALIDATE_PRODUCT = YES;
			};
			name = Release;
		};
		DFA35CFA2027D6AC00F918BC /* Debug */ = {
			isa = XCBuildConfiguration;
			buildSettings = {
				ASSETCATALOG_COMPILER_APPICON_NAME = AppIcon;
				CODE_SIGN_STYLE = Automatic;
				INFOPLIST_FILE = Calculator/Info.plist;
				LD_RUNPATH_SEARCH_PATHS = "$(inherited) @executable_path/Frameworks";
				PRODUCT_BUNDLE_IDENTIFIER = sasa10.Calculator;
				PRODUCT_NAME = "$(TARGET_NAME)";
				SWIFT_VERSION = 4.0;
				TARGETED_DEVICE_FAMILY = "1,2";
			};
			name = Debug;
		};
		DFA35CFB2027D6AC00F918BC /* Release */ = {
			isa = XCBuildConfiguration;
			buildSettings = {
				ASSETCATALOG_COMPILER_APPICON_NAME = AppIcon;
				CODE_SIGN_STYLE = Automatic;
				INFOPLIST_FILE = Calculator/Info.plist;
				LD_RUNPATH_SEARCH_PATHS = "$(inherited) @executable_path/Frameworks";
				PRODUCT_BUNDLE_IDENTIFIER = sasa10.Calculator;
				PRODUCT_NAME = "$(TARGET_NAME)";
				SWIFT_VERSION = 4.0;
				TARGETED_DEVICE_FAMILY = "1,2";
			};
			name = Release;
		};
		DFA35CFD2027D6AC00F918BC /* Debug */ = {
			isa = XCBuildConfiguration;
			buildSettings = {
				ALWAYS_EMBED_SWIFT_STANDARD_LIBRARIES = YES;
				BUNDLE_LOADER = "$(TEST_HOST)";
				CODE_SIGN_STYLE = Automatic;
				INFOPLIST_FILE = CalculatorTests/Info.plist;
				LD_RUNPATH_SEARCH_PATHS = "$(inherited) @executable_path/Frameworks @loader_path/Frameworks";
				PRODUCT_BUNDLE_IDENTIFIER = sasa10.CalculatorTests;
				PRODUCT_NAME = "$(TARGET_NAME)";
				SWIFT_VERSION = 4.0;
				TARGETED_DEVICE_FAMILY = "1,2";
				TEST_HOST = "$(BUILT_PRODUCTS_DIR)/Calculator.app/Calculator";
			};
			name = Debug;
		};
		DFA35CFE2027D6AC00F918BC /* Release */ = {
			isa = XCBuildConfiguration;
			buildSettings = {
				ALWAYS_EMBED_SWIFT_STANDARD_LIBRARIES = YES;
				BUNDLE_LOADER = "$(TEST_HOST)";
				CODE_SIGN_STYLE = Automatic;
				INFOPLIST_FILE = CalculatorTests/Info.plist;
				LD_RUNPATH_SEARCH_PATHS = "$(inherited) @executable_path/Frameworks @loader_path/Frameworks";
				PRODUCT_BUNDLE_IDENTIFIER = sasa10.CalculatorTests;
				PRODUCT_NAME = "$(TARGET_NAME)";
				SWIFT_VERSION = 4.0;
				TARGETED_DEVICE_FAMILY = "1,2";
				TEST_HOST = "$(BUILT_PRODUCTS_DIR)/Calculator.app/Calculator";
			};
			name = Release;
		};
		DFA35D002027D6AC00F918BC /* Debug */ = {
			isa = XCBuildConfiguration;
			buildSettings = {
				ALWAYS_EMBED_SWIFT_STANDARD_LIBRARIES = YES;
				CODE_SIGN_STYLE = Automatic;
				INFOPLIST_FILE = CalculatorUITests/Info.plist;
				LD_RUNPATH_SEARCH_PATHS = "$(inherited) @executable_path/Frameworks @loader_path/Frameworks";
				PRODUCT_BUNDLE_IDENTIFIER = sasa10.CalculatorUITests;
				PRODUCT_NAME = "$(TARGET_NAME)";
				SWIFT_VERSION = 4.0;
				TARGETED_DEVICE_FAMILY = "1,2";
				TEST_TARGET_NAME = Calculator;
			};
			name = Debug;
		};
		DFA35D012027D6AC00F918BC /* Release */ = {
			isa = XCBuildConfiguration;
			buildSettings = {
				ALWAYS_EMBED_SWIFT_STANDARD_LIBRARIES = YES;
				CODE_SIGN_STYLE = Automatic;
				INFOPLIST_FILE = CalculatorUITests/Info.plist;
				LD_RUNPATH_SEARCH_PATHS = "$(inherited) @executable_path/Frameworks @loader_path/Frameworks";
				PRODUCT_BUNDLE_IDENTIFIER = sasa10.CalculatorUITests;
				PRODUCT_NAME = "$(TARGET_NAME)";
				SWIFT_VERSION = 4.0;
				TARGETED_DEVICE_FAMILY = "1,2";
				TEST_TARGET_NAME = Calculator;
			};
			name = Release;
		};
/* End XCBuildConfiguration section */

/* Begin XCConfigurationList section */
		DFA35CCC2027D6AC00F918BC /* Build configuration list for PBXProject "Calculator" */ = {
			isa = XCConfigurationList;
			buildConfigurations = (
				DFA35CF72027D6AC00F918BC /* Debug */,
				DFA35CF82027D6AC00F918BC /* Release */,
			);
			defaultConfigurationIsVisible = 0;
			defaultConfigurationName = Release;
		};
		DFA35CF92027D6AC00F918BC /* Build configuration list for PBXNativeTarget "Calculator" */ = {
			isa = XCConfigurationList;
			buildConfigurations = (
				DFA35CFA2027D6AC00F918BC /* Debug */,
				DFA35CFB2027D6AC00F918BC /* Release */,
			);
			defaultConfigurationIsVisible = 0;
			defaultConfigurationName = Release;
		};
		DFA35CFC2027D6AC00F918BC /* Build configuration list for PBXNativeTarget "CalculatorTests" */ = {
			isa = XCConfigurationList;
			buildConfigurations = (
				DFA35CFD2027D6AC00F918BC /* Debug */,
				DFA35CFE2027D6AC00F918BC /* Release */,
			);
			defaultConfigurationIsVisible = 0;
			defaultConfigurationName = Release;
		};
		DFA35CFF2027D6AC00F918BC /* Build configuration list for PBXNativeTarget "CalculatorUITests" */ = {
			isa = XCConfigurationList;
			buildConfigurations = (
				DFA35D002027D6AC00F918BC /* Debug */,
				DFA35D012027D6AC00F918BC /* Release */,
			);
			defaultConfigurationIsVisible = 0;
			defaultConfigurationName = Release;
		};
/* End XCConfigurationList section */
	};
	rootObject = DFA35CC92027D6AC00F918BC /* Project object */;
}
